
Microsoft Visual Studio Solution File, Format Version 12.00
# Visual Studio Version 17
VisualStudioVersion = 17.7.34031.279
MinimumVisualStudioVersion = 10.0.40219.1
Project("{FAE04EC0-301F-11D3-BF4B-00C04F79EFBC}") = "DnD", "DnD.csproj", "{D8F936C4-F9DC-407C-AB55-7E046FF28C72}"
EndProject
Global
	GlobalSection(SolutionConfigurationPlatforms) = preSolution
		Debug|Any CPU = Debug|Any CPU
		Release|Any CPU = Release|Any CPU
	EndGlobalSection
	GlobalSection(ProjectConfigurationPlatforms) = postSolution
		{D8F936C4-F9DC-407C-AB55-7E046FF28C72}.Debug|Any CPU.ActiveCfg = Debug|Any CPU
		{D8F936C4-F9DC-407C-AB55-7E046FF28C72}.Debug|Any CPU.Build.0 = Debug|Any CPU
		{D8F936C4-F9DC-407C-AB55-7E046FF28C72}.Release|Any CPU.ActiveCfg = Release|Any CPU
		{D8F936C4-F9DC-407C-AB55-7E046FF28C72}.Release|Any CPU.Build.0 = Release|Any CPU
	EndGlobalSection
	GlobalSection(SolutionProperties) = preSolution
		HideSolutionNode = FALSE
	EndGlobalSection
	GlobalSection(ExtensibilityGlobals) = postSolution
		SolutionGuid = {B7973A37-A7FE-4B61-99A4-8BBCE7E72F76}
	EndGlobalSection
EndGlobal
